
Microsoft Visual Studio Solution File, Format Version 12.00
# Visual Studio Version 16
VisualStudioVersion = 16.0.30225.117
MinimumVisualStudioVersion = 10.0.40219.1
Project("{FAE04EC0-301F-11D3-BF4B-00C04F79EFBC}") = "TestCacheServisesWeb", "TestCacheServisesWeb\TestCacheServisesWeb.csproj", "{929BFAD1-8205-4541-B7CB-2EB3B62C5708}"
EndProject
Global
	GlobalSection(SolutionConfigurationPlatforms) = preSolution
		Debug|Any CPU = Debug|Any CPU
		Release|Any CPU = Release|Any CPU
	EndGlobalSection
	GlobalSection(ProjectConfigurationPlatforms) = postSolution
		{929BFAD1-8205-4541-B7CB-2EB3B62C5708}.Debug|Any CPU.ActiveCfg = Debug|Any CPU
		{929BFAD1-8205-4541-B7CB-2EB3B62C5708}.Debug|Any CPU.Build.0 = Debug|Any CPU
		{929BFAD1-8205-4541-B7CB-2EB3B62C5708}.Release|Any CPU.ActiveCfg = Release|Any CPU
		{929BFAD1-8205-4541-B7CB-2EB3B62C5708}.Release|Any CPU.Build.0 = Release|Any CPU
	EndGlobalSection
	GlobalSection(SolutionProperties) = preSolution
		HideSolutionNode = FALSE
	EndGlobalSection
	GlobalSection(ExtensibilityGlobals) = postSolution
		SolutionGuid = {2AF8AF1B-B028-46C5-A928-83A9B47E251C}
	EndGlobalSection
EndGlobal
